
Microsoft Visual Studio Solution File, Format Version 12.00
# Visual Studio Version 17
VisualStudioVersion = 17.10.35122.118
MinimumVisualStudioVersion = 10.0.40219.1
Project("{FAE04EC0-301F-11D3-BF4B-00C04F79EFBC}") = "DentalChairChallangeG", "DentalChairChallangeG\DentalChairChallangeG.csproj", "{04F990CF-E0B0-479C-B8A1-3F6BC910D629}"
EndProject
Project("{FAE04EC0-301F-11D3-BF4B-00C04F79EFBC}") = "BaseLibrary", "BaseLibrary\BaseLibrary.csproj", "{CE106EF8-0B97-4E34-A263-DAC11599FDB0}"
EndProject
Project("{FAE04EC0-301F-11D3-BF4B-00C04F79EFBC}") = "ServerLibrary", "ServerLibrary\ServerLibrary.csproj", "{F74DB2BF-8D3C-404F-9386-2CAC44BE0CC9}"
EndProject
Global
	GlobalSection(SolutionConfigurationPlatforms) = preSolution
		Debug|Any CPU = Debug|Any CPU
		Release|Any CPU = Release|Any CPU
	EndGlobalSection
	GlobalSection(ProjectConfigurationPlatforms) = postSolution
		{04F990CF-E0B0-479C-B8A1-3F6BC910D629}.Debug|Any CPU.ActiveCfg = Debug|Any CPU
		{04F990CF-E0B0-479C-B8A1-3F6BC910D629}.Debug|Any CPU.Build.0 = Debug|Any CPU
		{04F990CF-E0B0-479C-B8A1-3F6BC910D629}.Release|Any CPU.ActiveCfg = Release|Any CPU
		{04F990CF-E0B0-479C-B8A1-3F6BC910D629}.Release|Any CPU.Build.0 = Release|Any CPU
		{CE106EF8-0B97-4E34-A263-DAC11599FDB0}.Debug|Any CPU.ActiveCfg = Debug|Any CPU
		{CE106EF8-0B97-4E34-A263-DAC11599FDB0}.Debug|Any CPU.Build.0 = Debug|Any CPU
		{CE106EF8-0B97-4E34-A263-DAC11599FDB0}.Release|Any CPU.ActiveCfg = Release|Any CPU
		{CE106EF8-0B97-4E34-A263-DAC11599FDB0}.Release|Any CPU.Build.0 = Release|Any CPU
		{F74DB2BF-8D3C-404F-9386-2CAC44BE0CC9}.Debug|Any CPU.ActiveCfg = Debug|Any CPU
		{F74DB2BF-8D3C-404F-9386-2CAC44BE0CC9}.Debug|Any CPU.Build.0 = Debug|Any CPU
		{F74DB2BF-8D3C-404F-9386-2CAC44BE0CC9}.Release|Any CPU.ActiveCfg = Release|Any CPU
		{F74DB2BF-8D3C-404F-9386-2CAC44BE0CC9}.Release|Any CPU.Build.0 = Release|Any CPU
	EndGlobalSection
	GlobalSection(SolutionProperties) = preSolution
		HideSolutionNode = FALSE
	EndGlobalSection
	GlobalSection(ExtensibilityGlobals) = postSolution
		SolutionGuid = {183A6B65-73C6-4588-99AF-8ECDE7455127}
	EndGlobalSection
EndGlobal
